
Microsoft Visual Studio Solution File, Format Version 12.00
# Visual Studio 15
VisualStudioVersion = 15.0.28010.2026
MinimumVisualStudioVersion = 10.0.40219.1
Project("{FAE04EC0-301F-11D3-BF4B-00C04F79EFBC}") = "Task 1 recursive 10 2", "Task 1 recursive 10 2\Task 1 recursive 10 2.csproj", "{950982D7-AB16-4648-B0B2-56793FA1A7C9}"
EndProject
Global
	GlobalSection(SolutionConfigurationPlatforms) = preSolution
		Debug|Any CPU = Debug|Any CPU
		Release|Any CPU = Release|Any CPU
	EndGlobalSection
	GlobalSection(ProjectConfigurationPlatforms) = postSolution
		{950982D7-AB16-4648-B0B2-56793FA1A7C9}.Debug|Any CPU.ActiveCfg = Debug|Any CPU
		{950982D7-AB16-4648-B0B2-56793FA1A7C9}.Debug|Any CPU.Build.0 = Debug|Any CPU
		{950982D7-AB16-4648-B0B2-56793FA1A7C9}.Release|Any CPU.ActiveCfg = Release|Any CPU
		{950982D7-AB16-4648-B0B2-56793FA1A7C9}.Release|Any CPU.Build.0 = Release|Any CPU
	EndGlobalSection
	GlobalSection(SolutionProperties) = preSolution
		HideSolutionNode = FALSE
	EndGlobalSection
	GlobalSection(ExtensibilityGlobals) = postSolution
		SolutionGuid = {59C37921-22AD-4CB3-8F20-B6DCFADCF8E7}
	EndGlobalSection
EndGlobal
